// !$*UTF8*$!
{
	archiveVersion = 1;
	classes = {
	};
	objectVersion = 56;
	objects = {

/* Begin PBXBuildFile section */
		3A7902802B8219AB00BF135E /* FrameworkDetailViewModel.swift in Sources */ = {isa = PBXBuildFile; fileRef = 3A79027F2B8219AB00BF135E /* FrameworkDetailViewModel.swift */; };
		3AB97C6B2B7FCEC700CCE8D9 /* Apple_FrameworksApp.swift in Sources */ = {isa = PBXBuildFile; fileRef = 3AB97C6A2B7FCEC700CCE8D9 /* Apple_FrameworksApp.swift */; };
		3AB97C6F2B7FCEC900CCE8D9 /* Assets.xcassets in Resources */ = {isa = PBXBuildFile; fileRef = 3AB97C6E2B7FCEC900CCE8D9 /* Assets.xcassets */; };
		3AB97C732B7FCEC900CCE8D9 /* Preview Assets.xcassets in Resources */ = {isa = PBXBuildFile; fileRef = 3AB97C722B7FCEC900CCE8D9 /* Preview Assets.xcassets */; };
		3AB97C7A2B7FCEF300CCE8D9 /* Framework.swift in Sources */ = {isa = PBXBuildFile; fileRef = 3AB97C792B7FCEF300CCE8D9 /* Framework.swift */; };
		3AB97C7C2B7FD1DB00CCE8D9 /* FrameworkGridView.swift in Sources */ = {isa = PBXBuildFile; fileRef = 3AB97C7B2B7FD1DB00CCE8D9 /* FrameworkGridView.swift */; };
		3AB97C7E2B80423400CCE8D9 /* FrameworkDetailView.swift in Sources */ = {isa = PBXBuildFile; fileRef = 3AB97C7D2B80423400CCE8D9 /* FrameworkDetailView.swift */; };
		3AB97C822B8043F100CCE8D9 /* AFButton.swift in Sources */ = {isa = PBXBuildFile; fileRef = 3AB97C812B8043F100CCE8D9 /* AFButton.swift */; };
		3AB97C842B8046A700CCE8D9 /* FrameworkGridViewModel.swift in Sources */ = {isa = PBXBuildFile; fileRef = 3AB97C832B8046A700CCE8D9 /* FrameworkGridViewModel.swift */; };
		3AB97C872B804B7700CCE8D9 /* SafariView.swift in Sources */ = {isa = PBXBuildFile; fileRef = 3AB97C862B804B7700CCE8D9 /* SafariView.swift */; };
		3AB97C892B8060D100CCE8D9 /* FrameworkTitleView.swift in Sources */ = {isa = PBXBuildFile; fileRef = 3AB97C882B8060D100CCE8D9 /* FrameworkTitleView.swift */; };
		3AB97C8B2B80614000CCE8D9 /* XDismissButton.swift in Sources */ = {isa = PBXBuildFile; fileRef = 3AB97C8A2B80614000CCE8D9 /* XDismissButton.swift */; };
/* End PBXBuildFile section */

/* Begin PBXFileReference section */
		3A79027F2B8219AB00BF135E /* FrameworkDetailViewModel.swift */ = {isa = PBXFileReference; lastKnownFileType = sourcecode.swift; path = FrameworkDetailViewModel.swift; sourceTree = "<group>"; };
		3AB97C672B7FCEC700CCE8D9 /* Apple-Frameworks.app */ = {isa = PBXFileReference; explicitFileType = wrapper.application; includeInIndex = 0; path = "Apple-Frameworks.app"; sourceTree = BUILT_PRODUCTS_DIR; };
		3AB97C6A2B7FCEC700CCE8D9 /* Apple_FrameworksApp.swift */ = {isa = PBXFileReference; lastKnownFileType = sourcecode.swift; path = Apple_FrameworksApp.swift; sourceTree = "<group>"; };
		3AB97C6E2B7FCEC900CCE8D9 /* Assets.xcassets */ = {isa = PBXFileReference; lastKnownFileType = folder.assetcatalog; path = Assets.xcassets; sourceTree = "<group>"; };
		3AB97C702B7FCEC900CCE8D9 /* Apple_Frameworks.entitlements */ = {isa = PBXFileReference; lastKnownFileType = text.plist.entitlements; path = Apple_Frameworks.entitlements; sourceTree = "<group>"; };
		3AB97C722B7FCEC900CCE8D9 /* Preview Assets.xcassets */ = {isa = PBXFileReference; lastKnownFileType = folder.assetcatalog; path = "Preview Assets.xcassets"; sourceTree = "<group>"; };
		3AB97C792B7FCEF300CCE8D9 /* Framework.swift */ = {isa = PBXFileReference; lastKnownFileType = sourcecode.swift; path = Framework.swift; sourceTree = "<group>"; };
		3AB97C7B2B7FD1DB00CCE8D9 /* FrameworkGridView.swift */ = {isa = PBXFileReference; lastKnownFileType = sourcecode.swift; path = FrameworkGridView.swift; sourceTree = "<group>"; };
		3AB97C7D2B80423400CCE8D9 /* FrameworkDetailView.swift */ = {isa = PBXFileReference; lastKnownFileType = sourcecode.swift; path = FrameworkDetailView.swift; sourceTree = "<group>"; };
		3AB97C812B8043F100CCE8D9 /* AFButton.swift */ = {isa = PBXFileReference; lastKnownFileType = sourcecode.swift; path = AFButton.swift; sourceTree = "<group>"; };
		3AB97C832B8046A700CCE8D9 /* FrameworkGridViewModel.swift */ = {isa = PBXFileReference; lastKnownFileType = sourcecode.swift; path = FrameworkGridViewModel.swift; sourceTree = "<group>"; };
		3AB97C862B804B7700CCE8D9 /* SafariView.swift */ = {isa = PBXFileReference; lastKnownFileType = sourcecode.swift; path = SafariView.swift; sourceTree = "<group>"; };
		3AB97C882B8060D100CCE8D9 /* FrameworkTitleView.swift */ = {isa = PBXFileReference; lastKnownFileType = sourcecode.swift; path = FrameworkTitleView.swift; sourceTree = "<group>"; };
		3AB97C8A2B80614000CCE8D9 /* XDismissButton.swift */ = {isa = PBXFileReference; lastKnownFileType = sourcecode.swift; path = XDismissButton.swift; sourceTree = "<group>"; };
/* End PBXFileReference section */

/* Begin PBXFrameworksBuildPhase section */
		3AB97C642B7FCEC700CCE8D9 /* Frameworks */ = {
			isa = PBXFrameworksBuildPhase;
			buildActionMask = 2147483647;
			files = (
			);
			runOnlyForDeploymentPostprocessing = 0;
		};
/* End PBXFrameworksBuildPhase section */

/* Begin PBXGroup section */
		3AB97C5E2B7FCEC700CCE8D9 = {
			isa = PBXGroup;
			children = (
				3AB97C692B7FCEC700CCE8D9 /* Apple-Frameworks */,
				3AB97C682B7FCEC700CCE8D9 /* Products */,
			);
			sourceTree = "<group>";
		};
		3AB97C682B7FCEC700CCE8D9 /* Products */ = {
			isa = PBXGroup;
			children = (
				3AB97C672B7FCEC700CCE8D9 /* Apple-Frameworks.app */,
			);
			name = Products;
			sourceTree = "<group>";
		};
		3AB97C692B7FCEC700CCE8D9 /* Apple-Frameworks */ = {
			isa = PBXGroup;
			children = (
				3AB97C6A2B7FCEC700CCE8D9 /* Apple_FrameworksApp.swift */,
				3AB97C912B8062DF00CCE8D9 /* UIKit Components */,
				3AB97C8F2B80628000CCE8D9 /* Views */,
				3AB97C802B80425000CCE8D9 /* Model */,
				3AB97C7F2B80423E00CCE8D9 /* Screens */,
				3AB97C6E2B7FCEC900CCE8D9 /* Assets.xcassets */,
				3AB97C702B7FCEC900CCE8D9 /* Apple_Frameworks.entitlements */,
				3AB97C712B7FCEC900CCE8D9 /* Preview Content */,
			);
			path = "Apple-Frameworks";
			sourceTree = "<group>";
		};
		3AB97C712B7FCEC900CCE8D9 /* Preview Content */ = {
			isa = PBXGroup;
			children = (
				3AB97C722B7FCEC900CCE8D9 /* Preview Assets.xcassets */,
			);
			path = "Preview Content";
			sourceTree = "<group>";
		};
		3AB97C7F2B80423E00CCE8D9 /* Screens */ = {
			isa = PBXGroup;
			children = (
				3AB97C8D2B80624600CCE8D9 /* FrameworkDetailView */,
				3AB97C8C2B80622700CCE8D9 /* FrameworkGridView */,
			);
			path = Screens;
			sourceTree = "<group>";
		};
		3AB97C802B80425000CCE8D9 /* Model */ = {
			isa = PBXGroup;
			children = (
				3AB97C792B7FCEF300CCE8D9 /* Framework.swift */,
			);
			path = Model;
			sourceTree = "<group>";
		};
		3AB97C8C2B80622700CCE8D9 /* FrameworkGridView */ = {
			isa = PBXGroup;
			children = (
				3AB97C832B8046A700CCE8D9 /* FrameworkGridViewModel.swift */,
				3AB97C7B2B7FD1DB00CCE8D9 /* FrameworkGridView.swift */,
			);
			path = FrameworkGridView;
			sourceTree = "<group>";
		};
		3AB97C8D2B80624600CCE8D9 /* FrameworkDetailView */ = {
			isa = PBXGroup;
			children = (
				3AB97C7D2B80423400CCE8D9 /* FrameworkDetailView.swift */,
				3A79027F2B8219AB00BF135E /* FrameworkDetailViewModel.swift */,
			);
			path = FrameworkDetailView;
			sourceTree = "<group>";
		};
		3AB97C8F2B80628000CCE8D9 /* Views */ = {
			isa = PBXGroup;
			children = (
				3AB97C922B8062F500CCE8D9 /* View */,
				3AB97C902B80628700CCE8D9 /* Buttons */,
			);
			path = Views;
			sourceTree = "<group>";
		};
		3AB97C902B80628700CCE8D9 /* Buttons */ = {
			isa = PBXGroup;
			children = (
				3AB97C812B8043F100CCE8D9 /* AFButton.swift */,
				3AB97C8A2B80614000CCE8D9 /* XDismissButton.swift */,
			);
			path = Buttons;
			sourceTree = "<group>";
		};
		3AB97C912B8062DF00CCE8D9 /* UIKit Components */ = {
			isa = PBXGroup;
			children = (
				3AB97C862B804B7700CCE8D9 /* SafariView.swift */,
			);
			path = "UIKit Components";
			sourceTree = "<group>";
		};
		3AB97C922B8062F500CCE8D9 /* View */ = {
			isa = PBXGroup;
			children = (
				3AB97C882B8060D100CCE8D9 /* FrameworkTitleView.swift */,
			);
			path = View;
			sourceTree = "<group>";
		};
/* End PBXGroup section */

/* Begin PBXNativeTarget section */
		3AB97C662B7FCEC700CCE8D9 /* Apple-Frameworks */ = {
			isa = PBXNativeTarget;
			buildConfigurationList = 3AB97C762B7FCEC900CCE8D9 /* Build configuration list for PBXNativeTarget "Apple-Frameworks" */;
			buildPhases = (
				3AB97C632B7FCEC700CCE8D9 /* Sources */,
				3AB97C642B7FCEC700CCE8D9 /* Frameworks */,
				3AB97C652B7FCEC700CCE8D9 /* Resources */,
			);
			buildRules = (
			);
			dependencies = (
			);
			name = "Apple-Frameworks";
			productName = "Apple-Frameworks";
			productReference = 3AB97C672B7FCEC700CCE8D9 /* Apple-Frameworks.app */;
			productType = "com.apple.product-type.application";
		};
/* End PBXNativeTarget section */

/* Begin PBXProject section */
		3AB97C5F2B7FCEC700CCE8D9 /* Project object */ = {
			isa = PBXProject;
			attributes = {
				BuildIndependentTargetsInParallel = 1;
				LastSwiftUpdateCheck = 1520;
				LastUpgradeCheck = 1520;
				TargetAttributes = {
					3AB97C662B7FCEC700CCE8D9 = {
						CreatedOnToolsVersion = 15.2;
					};
				};
			};
			buildConfigurationList = 3AB97C622B7FCEC700CCE8D9 /* Build configuration list for PBXProject "Apple-Frameworks" */;
			compatibilityVersion = "Xcode 14.0";
			developmentRegion = en;
			hasScannedForEncodings = 0;
			knownRegions = (
				en,
				Base,
			);
			mainGroup = 3AB97C5E2B7FCEC700CCE8D9;
			productRefGroup = 3AB97C682B7FCEC700CCE8D9 /* Products */;
			projectDirPath = "";
			projectRoot = "";
			targets = (
				3AB97C662B7FCEC700CCE8D9 /* Apple-Frameworks */,
			);
		};
/* End PBXProject section */

/* Begin PBXResourcesBuildPhase section */
		3AB97C652B7FCEC700CCE8D9 /* Resources */ = {
			isa = PBXResourcesBuildPhase;
			buildActionMask = 2147483647;
			files = (
				3AB97C732B7FCEC900CCE8D9 /* Preview Assets.xcassets in Resources */,
				3AB97C6F2B7FCEC900CCE8D9 /* Assets.xcassets in Resources */,
			);
			runOnlyForDeploymentPostprocessing = 0;
		};
/* End PBXResourcesBuildPhase section */

/* Begin PBXSourcesBuildPhase section */
		3AB97C632B7FCEC700CCE8D9 /* Sources */ = {
			isa = PBXSourcesBuildPhase;
			buildActionMask = 2147483647;
			files = (
				3A7902802B8219AB00BF135E /* FrameworkDetailViewModel.swift in Sources */,
				3AB97C7E2B80423400CCE8D9 /* FrameworkDetailView.swift in Sources */,
				3AB97C7C2B7FD1DB00CCE8D9 /* FrameworkGridView.swift in Sources */,
				3AB97C8B2B80614000CCE8D9 /* XDismissButton.swift in Sources */,
				3AB97C7A2B7FCEF300CCE8D9 /* Framework.swift in Sources */,
				3AB97C822B8043F100CCE8D9 /* AFButton.swift in Sources */,
				3AB97C6B2B7FCEC700CCE8D9 /* Apple_FrameworksApp.swift in Sources */,
				3AB97C842B8046A700CCE8D9 /* FrameworkGridViewModel.swift in Sources */,
				3AB97C892B8060D100CCE8D9 /* FrameworkTitleView.swift in Sources */,
				3AB97C872B804B7700CCE8D9 /* SafariView.swift in Sources */,
			);
			runOnlyForDeploymentPostprocessing = 0;
		};
/* End PBXSourcesBuildPhase section */

/* Begin XCBuildConfiguration section */
		3AB97C742B7FCEC900CCE8D9 /* Debug */ = {
			isa = XCBuildConfiguration;
			buildSettings = {
				ALWAYS_SEARCH_USER_PATHS = NO;
				ASSETCATALOG_COMPILER_GENERATE_SWIFT_ASSET_SYMBOL_EXTENSIONS = YES;
				CLANG_ANALYZER_NONNULL = YES;
				CLANG_ANALYZER_NUMBER_OBJECT_CONVERSION = YES_AGGRESSIVE;
				CLANG_CXX_LANGUAGE_STANDARD = "gnu++20";
				CLANG_ENABLE_MODULES = YES;
				CLANG_ENABLE_OBJC_ARC = YES;
				CLANG_ENABLE_OBJC_WEAK = YES;
				CLANG_WARN_BLOCK_CAPTURE_AUTORELEASING = YES;
				CLANG_WARN_BOOL_CONVERSION = YES;
				CLANG_WARN_COMMA = YES;
				CLANG_WARN_CONSTANT_CONVERSION = YES;
				CLANG_WARN_DEPRECATED_OBJC_IMPLEMENTATIONS = YES;
				CLANG_WARN_DIRECT_OBJC_ISA_USAGE = YES_ERROR;
				CLANG_WARN_DOCUMENTATION_COMMENTS = YES;
				CLANG_WARN_EMPTY_BODY = YES;
				CLANG_WARN_ENUM_CONVERSION = YES;
				CLANG_WARN_INFINITE_RECURSION = YES;
				CLANG_WARN_INT_CONVERSION = YES;
				CLANG_WARN_NON_LITERAL_NULL_CONVERSION = YES;
				CLANG_WARN_OBJC_IMPLICIT_RETAIN_SELF = YES;
				CLANG_WARN_OBJC_LITERAL_CONVERSION = YES;
				CLANG_WARN_OBJC_ROOT_CLASS = YES_ERROR;
				CLANG_WARN_QUOTED_INCLUDE_IN_FRAMEWORK_HEADER = YES;
				CLANG_WARN_RANGE_LOOP_ANALYSIS = YES;
				CLANG_WARN_STRICT_PROTOTYPES = YES;
				CLANG_WARN_SUSPICIOUS_MOVE = YES;
				CLANG_WARN_UNGUARDED_AVAILABILITY = YES_AGGRESSIVE;
				CLANG_WARN_UNREACHABLE_CODE = YES;
				CLANG_WARN__DUPLICATE_METHOD_MATCH = YES;
				COPY_PHASE_STRIP = NO;
				DEBUG_INFORMATION_FORMAT = dwarf;
				ENABLE_STRICT_OBJC_MSGSEND = YES;
				ENABLE_TESTABILITY = YES;
				ENABLE_USER_SCRIPT_SANDBOXING = YES;
				GCC_C_LANGUAGE_STANDARD = gnu17;
				GCC_DYNAMIC_NO_PIC = NO;
				GCC_NO_COMMON_BLOCKS = YES;
				GCC_OPTIMIZATION_LEVEL = 0;
				GCC_PREPROCESSOR_DEFINITIONS = (
					"DEBUG=1",
					"$(inherited)",
				);
				GCC_WARN_64_TO_32_BIT_CONVERSION = YES;
				GCC_WARN_ABOUT_RETURN_TYPE = YES_ERROR;
				GCC_WARN_UNDECLARED_SELECTOR = YES;
				GCC_WARN_UNINITIALIZED_AUTOS = YES_AGGRESSIVE;
				GCC_WARN_UNUSED_FUNCTION = YES;
				GCC_WARN_UNUSED_VARIABLE = YES;
				LOCALIZATION_PREFERS_STRING_CATALOGS = YES;
				MTL_ENABLE_DEBUG_INFO = INCLUDE_SOURCE;
				MTL_FAST_MATH = YES;
				ONLY_ACTIVE_ARCH = YES;
				SWIFT_ACTIVE_COMPILATION_CONDITIONS = "DEBUG $(inherited)";
				SWIFT_OPTIMIZATION_LEVEL = "-Onone";
			};
			name = Debug;
		};
		3AB97C752B7FCEC900CCE8D9 /* Release */ = {
			isa = XCBuildConfiguration;
			buildSettings = {
				ALWAYS_SEARCH_USER_PATHS = NO;
				ASSETCATALOG_COMPILER_GENERATE_SWIFT_ASSET_SYMBOL_EXTENSIONS = YES;
				CLANG_ANALYZER_NONNULL = YES;
				CLANG_ANALYZER_NUMBER_OBJECT_CONVERSION = YES_AGGRESSIVE;
				CLANG_CXX_LANGUAGE_STANDARD = "gnu++20";
				CLANG_ENABLE_MODULES = YES;
				CLANG_ENABLE_OBJC_ARC = YES;
				CLANG_ENABLE_OBJC_WEAK = YES;
				CLANG_WARN_BLOCK_CAPTURE_AUTORELEASING = YES;
				CLANG_WARN_BOOL_CONVERSION = YES;
				CLANG_WARN_COMMA = YES;
				CLANG_WARN_CONSTANT_CONVERSION = YES;
				CLANG_WARN_DEPRECATED_OBJC_IMPLEMENTATIONS = YES;
				CLANG_WARN_DIRECT_OBJC_ISA_USAGE = YES_ERROR;
				CLANG_WARN_DOCUMENTATION_COMMENTS = YES;
				CLANG_WARN_EMPTY_BODY = YES;
				CLANG_WARN_ENUM_CONVERSION = YES;
				CLANG_WARN_INFINITE_RECURSION = YES;
				CLANG_WARN_INT_CONVERSION = YES;
				CLANG_WARN_NON_LITERAL_NULL_CONVERSION = YES;
				CLANG_WARN_OBJC_IMPLICIT_RETAIN_SELF = YES;
				CLANG_WARN_OBJC_LITERAL_CONVERSION = YES;
				CLANG_WARN_OBJC_ROOT_CLASS = YES_ERROR;
				CLANG_WARN_QUOTED_INCLUDE_IN_FRAMEWORK_HEADER = YES;
				CLANG_WARN_RANGE_LOOP_ANALYSIS = YES;
				CLANG_WARN_STRICT_PROTOTYPES = YES;
				CLANG_WARN_SUSPICIOUS_MOVE = YES;
				CLANG_WARN_UNGUARDED_AVAILABILITY = YES_AGGRESSIVE;
				CLANG_WARN_UNREACHABLE_CODE = YES;
				CLANG_WARN__DUPLICATE_METHOD_MATCH = YES;
				COPY_PHASE_STRIP = NO;
				DEBUG_INFORMATION_FORMAT = "dwarf-with-dsym";
				ENABLE_NS_ASSERTIONS = NO;
				ENABLE_STRICT_OBJC_MSGSEND = YES;
				ENABLE_USER_SCRIPT_SANDBOXING = YES;
				GCC_C_LANGUAGE_STANDARD = gnu17;
				GCC_NO_COMMON_BLOCKS = YES;
				GCC_WARN_64_TO_32_BIT_CONVERSION = YES;
				GCC_WARN_ABOUT_RETURN_TYPE = YES_ERROR;
				GCC_WARN_UNDECLARED_SELECTOR = YES;
				GCC_WARN_UNINITIALIZED_AUTOS = YES_AGGRESSIVE;
				GCC_WARN_UNUSED_FUNCTION = YES;
				GCC_WARN_UNUSED_VARIABLE = YES;
				LOCALIZATION_PREFERS_STRING_CATALOGS = YES;
				MTL_ENABLE_DEBUG_INFO = NO;
				MTL_FAST_MATH = YES;
				SWIFT_COMPILATION_MODE = wholemodule;
			};
			name = Release;
		};
		3AB97C772B7FCEC900CCE8D9 /* Debug */ = {
			isa = XCBuildConfiguration;
			buildSettings = {
				ASSETCATALOG_COMPILER_APPICON_NAME = AppIcon;
				ASSETCATALOG_COMPILER_GLOBAL_ACCENT_COLOR_NAME = AccentColor;
				CODE_SIGN_ENTITLEMENTS = "Apple-Frameworks/Apple_Frameworks.entitlements";
				CODE_SIGN_STYLE = Automatic;
				CURRENT_PROJECT_VERSION = 1;
				DEVELOPMENT_ASSET_PATHS = "\"Apple-Frameworks/Preview Content\"";
				DEVELOPMENT_TEAM = D3AGUG8XDN;
				ENABLE_HARDENED_RUNTIME = YES;
				ENABLE_PREVIEWS = YES;
				GENERATE_INFOPLIST_FILE = YES;
				"INFOPLIST_KEY_UIApplicationSceneManifest_Generation[sdk=iphoneos*]" = YES;
				"INFOPLIST_KEY_UIApplicationSceneManifest_Generation[sdk=iphonesimulator*]" = YES;
				"INFOPLIST_KEY_UIApplicationSupportsIndirectInputEvents[sdk=iphoneos*]" = YES;
				"INFOPLIST_KEY_UIApplicationSupportsIndirectInputEvents[sdk=iphonesimulator*]" = YES;
				"INFOPLIST_KEY_UILaunchScreen_Generation[sdk=iphoneos*]" = YES;
				"INFOPLIST_KEY_UILaunchScreen_Generation[sdk=iphonesimulator*]" = YES;
				"INFOPLIST_KEY_UIStatusBarStyle[sdk=iphoneos*]" = UIStatusBarStyleDefault;
				"INFOPLIST_KEY_UIStatusBarStyle[sdk=iphonesimulator*]" = UIStatusBarStyleDefault;
				INFOPLIST_KEY_UISupportedInterfaceOrientations_iPad = "UIInterfaceOrientationPortrait UIInterfaceOrientationPortraitUpsideDown UIInterfaceOrientationLandscapeLeft UIInterfaceOrientationLandscapeRight";
				INFOPLIST_KEY_UISupportedInterfaceOrientations_iPhone = "UIInterfaceOrientationPortrait UIInterfaceOrientationLandscapeLeft UIInterfaceOrientationLandscapeRight";
				IPHONEOS_DEPLOYMENT_TARGET = 17.2;
				LD_RUNPATH_SEARCH_PATHS = "@executable_path/Frameworks";
				"LD_RUNPATH_SEARCH_PATHS[sdk=macosx*]" = "@executable_path/../Frameworks";
				MACOSX_DEPLOYMENT_TARGET = 14.2;
				MARKETING_VERSION = 1.0;
				PRODUCT_BUNDLE_IDENTIFIER = "visiondeveloper.Apple-Frameworks";
				PRODUCT_NAME = "$(TARGET_NAME)";
				SDKROOT = auto;
				SUPPORTED_PLATFORMS = "iphoneos iphonesimulator";
				SUPPORTS_MACCATALYST = NO;
				SWIFT_EMIT_LOC_STRINGS = YES;
				SWIFT_VERSION = 5.0;
				TARGETED_DEVICE_FAMILY = 1;
			};
			name = Debug;
		};
		3AB97C782B7FCEC900CCE8D9 /* Release */ = {
			isa = XCBuildConfiguration;
			buildSettings = {
				ASSETCATALOG_COMPILER_APPICON_NAME = AppIcon;
				ASSETCATALOG_COMPILER_GLOBAL_ACCENT_COLOR_NAME = AccentColor;
				CODE_SIGN_ENTITLEMENTS = "Apple-Frameworks/Apple_Frameworks.entitlements";
				CODE_SIGN_STYLE = Automatic;
				CURRENT_PROJECT_VERSION = 1;
				DEVELOPMENT_ASSET_PATHS = "\"Apple-Frameworks/Preview Content\"";
				DEVELOPMENT_TEAM = D3AGUG8XDN;
				ENABLE_HARDENED_RUNTIME = YES;
				ENABLE_PREVIEWS = YES;
				GENERATE_INFOPLIST_FILE = YES;
				"INFOPLIST_KEY_UIApplicationSceneManifest_Generation[sdk=iphoneos*]" = YES;
				"INFOPLIST_KEY_UIApplicationSceneManifest_Generation[sdk=iphonesimulator*]" = YES;
				"INFOPLIST_KEY_UIApplicationSupportsIndirectInputEvents[sdk=iphoneos*]" = YES;
				"INFOPLIST_KEY_UIApplicationSupportsIndirectInputEvents[sdk=iphonesimulator*]" = YES;
				"INFOPLIST_KEY_UILaunchScreen_Generation[sdk=iphoneos*]" = YES;
				"INFOPLIST_KEY_UILaunchScreen_Generation[sdk=iphonesimulator*]" = YES;
				"INFOPLIST_KEY_UIStatusBarStyle[sdk=iphoneos*]" = UIStatusBarStyleDefault;
				"INFOPLIST_KEY_UIStatusBarStyle[sdk=iphonesimulator*]" = UIStatusBarStyleDefault;
				INFOPLIST_KEY_UISupportedInterfaceOrientations_iPad = "UIInterfaceOrientationPortrait UIInterfaceOrientationPortraitUpsideDown UIInterfaceOrientationLandscapeLeft UIInterfaceOrientationLandscapeRight";
				INFOPLIST_KEY_UISupportedInterfaceOrientations_iPhone = "UIInterfaceOrientationPortrait UIInterfaceOrientationLandscapeLeft UIInterfaceOrientationLandscapeRight";
				IPHONEOS_DEPLOYMENT_TARGET = 17.2;
				LD_RUNPATH_SEARCH_PATHS = "@executable_path/Frameworks";
				"LD_RUNPATH_SEARCH_PATHS[sdk=macosx*]" = "@executable_path/../Frameworks";
				MACOSX_DEPLOYMENT_TARGET = 14.2;
				MARKETING_VERSION = 1.0;
				PRODUCT_BUNDLE_IDENTIFIER = "visiondeveloper.Apple-Frameworks";
				PRODUCT_NAME = "$(TARGET_NAME)";
				SDKROOT = auto;
				SUPPORTED_PLATFORMS = "iphoneos iphonesimulator";
				SUPPORTS_MACCATALYST = NO;
				SWIFT_EMIT_LOC_STRINGS = YES;
				SWIFT_VERSION = 5.0;
				TARGETED_DEVICE_FAMILY = 1;
			};
			name = Release;
		};
/* End XCBuildConfiguration section */

/* Begin XCConfigurationList section */
		3AB97C622B7FCEC700CCE8D9 /* Build configuration list for PBXProject "Apple-Frameworks" */ = {
			isa = XCConfigurationList;
			buildConfigurations = (
				3AB97C742B7FCEC900CCE8D9 /* Debug */,
				3AB97C752B7FCEC900CCE8D9 /* Release */,
			);
			defaultConfigurationIsVisible = 0;
			defaultConfigurationName = Release;
		};
		3AB97C762B7FCEC900CCE8D9 /* Build configuration list for PBXNativeTarget "Apple-Frameworks" */ = {
			isa = XCConfigurationList;
			buildConfigurations = (
				3AB97C772B7FCEC900CCE8D9 /* Debug */,
				3AB97C782B7FCEC900CCE8D9 /* Release */,
			);
			defaultConfigurationIsVisible = 0;
			defaultConfigurationName = Release;
		};
/* End XCConfigurationList section */
	};
	rootObject = 3AB97C5F2B7FCEC700CCE8D9 /* Project object */;
}
